
Microsoft Visual Studio Solution File, Format Version 12.00
# Visual Studio Version 16
VisualStudioVersion = 16.0.810.22
MinimumVisualStudioVersion = 10.0.40219.1
Project("{FAE04EC0-301F-11D3-BF4B-00C04F79EFBC}") = "Recep", "Recep\Recep.csproj", "{FCF66A4E-4712-44D0-ACE8-D676B08D3B4A}"
EndProject
Global
	GlobalSection(SolutionConfigurationPlatforms) = preSolution
		Debug|Any CPU = Debug|Any CPU
		Release|Any CPU = Release|Any CPU
	EndGlobalSection
	GlobalSection(ProjectConfigurationPlatforms) = postSolution
		{FCF66A4E-4712-44D0-ACE8-D676B08D3B4A}.Debug|Any CPU.ActiveCfg = Debug|Any CPU
		{FCF66A4E-4712-44D0-ACE8-D676B08D3B4A}.Debug|Any CPU.Build.0 = Debug|Any CPU
		{FCF66A4E-4712-44D0-ACE8-D676B08D3B4A}.Release|Any CPU.ActiveCfg = Release|Any CPU
		{FCF66A4E-4712-44D0-ACE8-D676B08D3B4A}.Release|Any CPU.Build.0 = Release|Any CPU
	EndGlobalSection
	GlobalSection(SolutionProperties) = preSolution
		HideSolutionNode = FALSE
	EndGlobalSection
	GlobalSection(ExtensibilityGlobals) = postSolution
		SolutionGuid = {1E41A517-B163-4240-9BB0-04675090F70D}
	EndGlobalSection
EndGlobal
